
Microsoft Visual Studio Solution File, Format Version 12.00
# Visual Studio Version 17
VisualStudioVersion = 17.13.35825.156 d17.13
MinimumVisualStudioVersion = 10.0.40219.1
Project("{FAE04EC0-301F-11D3-BF4B-00C04F79EFBC}") = "17.DoWhile", "17.DoWhile\17.DoWhile.csproj", "{89D2A641-4030-4EA6-9CC2-8D8B67DCAB2C}"
EndProject
Global
	GlobalSection(SolutionConfigurationPlatforms) = preSolution
		Debug|Any CPU = Debug|Any CPU
		Release|Any CPU = Release|Any CPU
	EndGlobalSection
	GlobalSection(ProjectConfigurationPlatforms) = postSolution
		{89D2A641-4030-4EA6-9CC2-8D8B67DCAB2C}.Debug|Any CPU.ActiveCfg = Debug|Any CPU
		{89D2A641-4030-4EA6-9CC2-8D8B67DCAB2C}.Debug|Any CPU.Build.0 = Debug|Any CPU
		{89D2A641-4030-4EA6-9CC2-8D8B67DCAB2C}.Release|Any CPU.ActiveCfg = Release|Any CPU
		{89D2A641-4030-4EA6-9CC2-8D8B67DCAB2C}.Release|Any CPU.Build.0 = Release|Any CPU
	EndGlobalSection
	GlobalSection(SolutionProperties) = preSolution
		HideSolutionNode = FALSE
	EndGlobalSection
	GlobalSection(ExtensibilityGlobals) = postSolution
		SolutionGuid = {D5225396-5692-45A1-A787-4617350117F0}
	EndGlobalSection
EndGlobal
