
Microsoft Visual Studio Solution File, Format Version 12.00
# Visual Studio Version 17
VisualStudioVersion = 17.13.35825.156 d17.13
MinimumVisualStudioVersion = 10.0.40219.1
Project("{FAE04EC0-301F-11D3-BF4B-00C04F79EFBC}") = "6.CondicionalMultiple", "6.CondicionalMultiple\6.CondicionalMultiple.csproj", "{B88FE559-4BAF-42DC-BF98-6E271590A46D}"
EndProject
Global
	GlobalSection(SolutionConfigurationPlatforms) = preSolution
		Debug|Any CPU = Debug|Any CPU
		Release|Any CPU = Release|Any CPU
	EndGlobalSection
	GlobalSection(ProjectConfigurationPlatforms) = postSolution
		{B88FE559-4BAF-42DC-BF98-6E271590A46D}.Debug|Any CPU.ActiveCfg = Debug|Any CPU
		{B88FE559-4BAF-42DC-BF98-6E271590A46D}.Debug|Any CPU.Build.0 = Debug|Any CPU
		{B88FE559-4BAF-42DC-BF98-6E271590A46D}.Release|Any CPU.ActiveCfg = Release|Any CPU
		{B88FE559-4BAF-42DC-BF98-6E271590A46D}.Release|Any CPU.Build.0 = Release|Any CPU
	EndGlobalSection
	GlobalSection(SolutionProperties) = preSolution
		HideSolutionNode = FALSE
	EndGlobalSection
	GlobalSection(ExtensibilityGlobals) = postSolution
		SolutionGuid = {B054C71C-7FD1-47CE-A6D0-72279E3A7104}
	EndGlobalSection
EndGlobal
