
Microsoft Visual Studio Solution File, Format Version 12.00
# Visual Studio Version 17
VisualStudioVersion = 17.11.35327.3
MinimumVisualStudioVersion = 10.0.40219.1
Project("{FAE04EC0-301F-11D3-BF4B-00C04F79EFBC}") = "TallerParcial2", "TallerParcial2.csproj", "{04F8EE1E-D0C3-4670-95C7-D44187C88093}"
EndProject
Global
	GlobalSection(SolutionConfigurationPlatforms) = preSolution
		Debug|Any CPU = Debug|Any CPU
		Release|Any CPU = Release|Any CPU
	EndGlobalSection
	GlobalSection(ProjectConfigurationPlatforms) = postSolution
		{04F8EE1E-D0C3-4670-95C7-D44187C88093}.Debug|Any CPU.ActiveCfg = Debug|Any CPU
		{04F8EE1E-D0C3-4670-95C7-D44187C88093}.Debug|Any CPU.Build.0 = Debug|Any CPU
		{04F8EE1E-D0C3-4670-95C7-D44187C88093}.Release|Any CPU.ActiveCfg = Release|Any CPU
		{04F8EE1E-D0C3-4670-95C7-D44187C88093}.Release|Any CPU.Build.0 = Release|Any CPU
	EndGlobalSection
	GlobalSection(SolutionProperties) = preSolution
		HideSolutionNode = FALSE
	EndGlobalSection
	GlobalSection(ExtensibilityGlobals) = postSolution
		SolutionGuid = {E9D44F37-8E26-482B-BBB4-63E98D016913}
	EndGlobalSection
EndGlobal
